
Microsoft Visual Studio Solution File, Format Version 12.00
# Visual Studio Version 16
VisualStudioVersion = 16.0.31005.135
MinimumVisualStudioVersion = 10.0.40219.1
Project("{FAE04EC0-301F-11D3-BF4B-00C04F79EFBC}") = "ConsoleApp1", "ConsoleApp1.csproj", "{92C55D09-C5BE-4486-B1B9-81E6FDC5178F}"
EndProject
Global
	GlobalSection(SolutionConfigurationPlatforms) = preSolution
		Debug|Any CPU = Debug|Any CPU
		Release|Any CPU = Release|Any CPU
	EndGlobalSection
	GlobalSection(ProjectConfigurationPlatforms) = postSolution
		{92C55D09-C5BE-4486-B1B9-81E6FDC5178F}.Debug|Any CPU.ActiveCfg = Debug|Any CPU
		{92C55D09-C5BE-4486-B1B9-81E6FDC5178F}.Debug|Any CPU.Build.0 = Debug|Any CPU
		{92C55D09-C5BE-4486-B1B9-81E6FDC5178F}.Release|Any CPU.ActiveCfg = Release|Any CPU
		{92C55D09-C5BE-4486-B1B9-81E6FDC5178F}.Release|Any CPU.Build.0 = Release|Any CPU
	EndGlobalSection
	GlobalSection(SolutionProperties) = preSolution
		HideSolutionNode = FALSE
	EndGlobalSection
	GlobalSection(ExtensibilityGlobals) = postSolution
		SolutionGuid = {3F5586FB-FE87-4DC8-8BBF-8FFAED0972AA}
	EndGlobalSection
EndGlobal
